# This file is automatically @generated by Cargo.
# It is not intended for manual editing.
version = 4

[[package]]
name = "carreltex-core"
version = "0.1.0"

[[package]]
name = "carreltex-engine"
version = "0.1.0"
dependencies = [
 "carreltex-core",
 "carreltex-xdv",
]

[[package]]
name = "carreltex-wasm-smoke"
version = "0.1.0"
dependencies = [
 "carreltex-core",
 "carreltex-engine",
]

[[package]]
name = "carreltex-xdv"
version = "0.1.0"
